
Microsoft Visual Studio Solution File, Format Version 12.00
# Visual Studio 15
VisualStudioVersion = 15.0.27703.2042
MinimumVisualStudioVersion = 10.0.40219.1
Project("{2150E333-8FDC-42A3-9474-1A3956D46DE8}") = "tests", "tests", "{D6D1E674-C612-42BF-A5EB-B1E6A9623C58}"
EndProject
Project("{2150E333-8FDC-42A3-9474-1A3956D46DE8}") = "services", "services", "{D0248154-9386-4943-8CCB-FE2BE23C0BA8}"
EndProject
Project("{2150E333-8FDC-42A3-9474-1A3956D46DE8}") = "web", "web", "{1889F234-35DE-4096-B2F6-318E9B76238F}"
EndProject
Project("{9A19103F-16F7-4668-BE54-9A1E7A4F7556}") = "Catalog", "src\services\Catalog\Catalog.csproj", "{08B46CA2-71E0-4E10-B5C3-C9A47D1205D8}"
EndProject
Project("{9A19103F-16F7-4668-BE54-9A1E7A4F7556}") = "MVC", "src\web\MVC\MVC.csproj", "{FDD4A876-DEB9-4F27-A5C2-BDF3D64DBDA8}"
EndProject
Project("{2150E333-8FDC-42A3-9474-1A3956D46DE8}") = "api", "api", "{D408927A-653E-491F-99D1-B123A7D7768B}"
EndProject
Project("{9A19103F-16F7-4668-BE54-9A1E7A4F7556}") = "Web.Bff.Shopping", "src\api\Web.Bff.Shopping\Web.Bff.Shopping.csproj", "{9765A47C-E3B1-48BE-94C0-7B2BEFC94A44}"
EndProject
Project("{9A19103F-16F7-4668-BE54-9A1E7A4F7556}") = "Common", "src\Common\Common.csproj", "{38F566A8-987D-4FC6-8FC5-1C032856592C}"
EndProject
Project("{9A19103F-16F7-4668-BE54-9A1E7A4F7556}") = "UnitTests", "tests\UnitTests\UnitTests.csproj", "{5C7DD061-8E0A-4ED1-93BC-5C0CD47AE438}"
EndProject
Project("{FAE04EC0-301F-11D3-BF4B-00C04F79EFBC}") = "IntegrationTests", "tests\IntegrationTests\IntegrationTests.csproj", "{81F7B1BC-6A49-45AE-A0FF-F5F8E9EB92F6}"
EndProject
Global
	GlobalSection(SolutionConfigurationPlatforms) = preSolution
		Debug|Any CPU = Debug|Any CPU
		Release|Any CPU = Release|Any CPU
	EndGlobalSection
	GlobalSection(ProjectConfigurationPlatforms) = postSolution
		{08B46CA2-71E0-4E10-B5C3-C9A47D1205D8}.Debug|Any CPU.ActiveCfg = Debug|Any CPU
		{08B46CA2-71E0-4E10-B5C3-C9A47D1205D8}.Debug|Any CPU.Build.0 = Debug|Any CPU
		{08B46CA2-71E0-4E10-B5C3-C9A47D1205D8}.Release|Any CPU.ActiveCfg = Release|Any CPU
		{08B46CA2-71E0-4E10-B5C3-C9A47D1205D8}.Release|Any CPU.Build.0 = Release|Any CPU
		{FDD4A876-DEB9-4F27-A5C2-BDF3D64DBDA8}.Debug|Any CPU.ActiveCfg = Debug|Any CPU
		{FDD4A876-DEB9-4F27-A5C2-BDF3D64DBDA8}.Debug|Any CPU.Build.0 = Debug|Any CPU
		{FDD4A876-DEB9-4F27-A5C2-BDF3D64DBDA8}.Release|Any CPU.ActiveCfg = Release|Any CPU
		{FDD4A876-DEB9-4F27-A5C2-BDF3D64DBDA8}.Release|Any CPU.Build.0 = Release|Any CPU
		{9765A47C-E3B1-48BE-94C0-7B2BEFC94A44}.Debug|Any CPU.ActiveCfg = Debug|Any CPU
		{9765A47C-E3B1-48BE-94C0-7B2BEFC94A44}.Debug|Any CPU.Build.0 = Debug|Any CPU
		{9765A47C-E3B1-48BE-94C0-7B2BEFC94A44}.Release|Any CPU.ActiveCfg = Release|Any CPU
		{9765A47C-E3B1-48BE-94C0-7B2BEFC94A44}.Release|Any CPU.Build.0 = Release|Any CPU
		{38F566A8-987D-4FC6-8FC5-1C032856592C}.Debug|Any CPU.ActiveCfg = Debug|Any CPU
		{38F566A8-987D-4FC6-8FC5-1C032856592C}.Debug|Any CPU.Build.0 = Debug|Any CPU
		{38F566A8-987D-4FC6-8FC5-1C032856592C}.Release|Any CPU.ActiveCfg = Release|Any CPU
		{38F566A8-987D-4FC6-8FC5-1C032856592C}.Release|Any CPU.Build.0 = Release|Any CPU
		{5C7DD061-8E0A-4ED1-93BC-5C0CD47AE438}.Debug|Any CPU.ActiveCfg = Debug|Any CPU
		{5C7DD061-8E0A-4ED1-93BC-5C0CD47AE438}.Debug|Any CPU.Build.0 = Debug|Any CPU
		{5C7DD061-8E0A-4ED1-93BC-5C0CD47AE438}.Release|Any CPU.ActiveCfg = Release|Any CPU
		{5C7DD061-8E0A-4ED1-93BC-5C0CD47AE438}.Release|Any CPU.Build.0 = Release|Any CPU
		{81F7B1BC-6A49-45AE-A0FF-F5F8E9EB92F6}.Debug|Any CPU.ActiveCfg = Debug|Any CPU
		{81F7B1BC-6A49-45AE-A0FF-F5F8E9EB92F6}.Debug|Any CPU.Build.0 = Debug|Any CPU
		{81F7B1BC-6A49-45AE-A0FF-F5F8E9EB92F6}.Release|Any CPU.ActiveCfg = Release|Any CPU
		{81F7B1BC-6A49-45AE-A0FF-F5F8E9EB92F6}.Release|Any CPU.Build.0 = Release|Any CPU
	EndGlobalSection
	GlobalSection(SolutionProperties) = preSolution
		HideSolutionNode = FALSE
	EndGlobalSection
	GlobalSection(NestedProjects) = preSolution
		{08B46CA2-71E0-4E10-B5C3-C9A47D1205D8} = {D0248154-9386-4943-8CCB-FE2BE23C0BA8}
		{FDD4A876-DEB9-4F27-A5C2-BDF3D64DBDA8} = {1889F234-35DE-4096-B2F6-318E9B76238F}
		{9765A47C-E3B1-48BE-94C0-7B2BEFC94A44} = {D408927A-653E-491F-99D1-B123A7D7768B}
		{5C7DD061-8E0A-4ED1-93BC-5C0CD47AE438} = {D6D1E674-C612-42BF-A5EB-B1E6A9623C58}
		{81F7B1BC-6A49-45AE-A0FF-F5F8E9EB92F6} = {D6D1E674-C612-42BF-A5EB-B1E6A9623C58}
	EndGlobalSection
	GlobalSection(ExtensibilityGlobals) = postSolution
		SolutionGuid = {26E99E05-B236-4FE2-9E6F-8FE01E0122C6}
	EndGlobalSection
EndGlobal
